
Microsoft Visual Studio Solution File, Format Version 12.00
# Visual Studio Version 17
VisualStudioVersion = 17.8.34330.188
MinimumVisualStudioVersion = 10.0.40219.1
Project("{9A19103F-16F7-4668-BE54-9A1E7A4F7556}") = "CustomerManager.API", "CustomerManager.API\CustomerManager.API.csproj", "{AC98058C-EA7B-4DE0-8CA7-11AB133C2B03}"
EndProject
Project("{2150E333-8FDC-42A3-9474-1A3956D46DE8}") = "API", "API", "{CD73AF9C-2C8C-4717-AB17-69717ADDED17}"
EndProject
Project("{2150E333-8FDC-42A3-9474-1A3956D46DE8}") = "Application", "Application", "{B1063C68-3952-4E28-8226-908C4BA00409}"
EndProject
Project("{2150E333-8FDC-42A3-9474-1A3956D46DE8}") = "Domain", "Domain", "{15AACEC0-1E85-4FA5-8839-C1A2C4ABBD31}"
EndProject
Project("{2150E333-8FDC-42A3-9474-1A3956D46DE8}") = "Infrastructure", "Infrastructure", "{D7075060-AB4B-42E2-AFAF-BC68701F8E6E}"
EndProject
Project("{2150E333-8FDC-42A3-9474-1A3956D46DE8}") = "Tests", "Tests", "{8628D516-6EF3-4DDD-9323-11D0D8DC9DFF}"
EndProject
Project("{2150E333-8FDC-42A3-9474-1A3956D46DE8}") = "SQL", "SQL", "{413930A4-8A7D-4A4B-8299-45A2B1BE48B0}"
EndProject
Project("{9A19103F-16F7-4668-BE54-9A1E7A4F7556}") = "CustomerManager.Application", "CustomerManager.Application\CustomerManager.Application.csproj", "{47D5391E-88DE-4A4D-A9EA-ADF82CA85569}"
EndProject
Project("{9A19103F-16F7-4668-BE54-9A1E7A4F7556}") = "CustomerManager.Domain", "CustomerManager.Domain\CustomerManager.Domain.csproj", "{71AC4541-BEB6-4FFC-A670-984D12AE1080}"
EndProject
Project("{9A19103F-16F7-4668-BE54-9A1E7A4F7556}") = "CustomerManager.Infrastructure", "CustomerManager.Infrastructure\CustomerManager.Infrastructure.csproj", "{C4DC71F8-E897-413D-9309-166DB37E6B6A}"
EndProject
Project("{00D1A9C2-B5F0-4AF3-8072-F6C62B433612}") = "CustomerManager.SQL", "CustomerManager.SQL\CustomerManager.SQL.sqlproj", "{C5D814EC-B26C-434D-815D-4A6C315B127B}"
EndProject
Project("{9A19103F-16F7-4668-BE54-9A1E7A4F7556}") = "CustomerManager.Tests", "CustomerManager.Tests\CustomerManager.Tests.csproj", "{E687AC38-0D10-408A-ADBC-40F264CC5A02}"
EndProject
Global
	GlobalSection(SolutionConfigurationPlatforms) = preSolution
		Debug|Any CPU = Debug|Any CPU
		Release|Any CPU = Release|Any CPU
	EndGlobalSection
	GlobalSection(ProjectConfigurationPlatforms) = postSolution
		{AC98058C-EA7B-4DE0-8CA7-11AB133C2B03}.Debug|Any CPU.ActiveCfg = Debug|Any CPU
		{AC98058C-EA7B-4DE0-8CA7-11AB133C2B03}.Debug|Any CPU.Build.0 = Debug|Any CPU
		{AC98058C-EA7B-4DE0-8CA7-11AB133C2B03}.Release|Any CPU.ActiveCfg = Release|Any CPU
		{AC98058C-EA7B-4DE0-8CA7-11AB133C2B03}.Release|Any CPU.Build.0 = Release|Any CPU
		{47D5391E-88DE-4A4D-A9EA-ADF82CA85569}.Debug|Any CPU.ActiveCfg = Debug|Any CPU
		{47D5391E-88DE-4A4D-A9EA-ADF82CA85569}.Debug|Any CPU.Build.0 = Debug|Any CPU
		{47D5391E-88DE-4A4D-A9EA-ADF82CA85569}.Release|Any CPU.ActiveCfg = Release|Any CPU
		{47D5391E-88DE-4A4D-A9EA-ADF82CA85569}.Release|Any CPU.Build.0 = Release|Any CPU
		{71AC4541-BEB6-4FFC-A670-984D12AE1080}.Debug|Any CPU.ActiveCfg = Debug|Any CPU
		{71AC4541-BEB6-4FFC-A670-984D12AE1080}.Debug|Any CPU.Build.0 = Debug|Any CPU
		{71AC4541-BEB6-4FFC-A670-984D12AE1080}.Release|Any CPU.ActiveCfg = Release|Any CPU
		{71AC4541-BEB6-4FFC-A670-984D12AE1080}.Release|Any CPU.Build.0 = Release|Any CPU
		{C4DC71F8-E897-413D-9309-166DB37E6B6A}.Debug|Any CPU.ActiveCfg = Debug|Any CPU
		{C4DC71F8-E897-413D-9309-166DB37E6B6A}.Debug|Any CPU.Build.0 = Debug|Any CPU
		{C4DC71F8-E897-413D-9309-166DB37E6B6A}.Release|Any CPU.ActiveCfg = Release|Any CPU
		{C4DC71F8-E897-413D-9309-166DB37E6B6A}.Release|Any CPU.Build.0 = Release|Any CPU
		{C5D814EC-B26C-434D-815D-4A6C315B127B}.Debug|Any CPU.ActiveCfg = Debug|Any CPU
		{C5D814EC-B26C-434D-815D-4A6C315B127B}.Debug|Any CPU.Build.0 = Debug|Any CPU
		{C5D814EC-B26C-434D-815D-4A6C315B127B}.Debug|Any CPU.Deploy.0 = Debug|Any CPU
		{C5D814EC-B26C-434D-815D-4A6C315B127B}.Release|Any CPU.ActiveCfg = Release|Any CPU
		{C5D814EC-B26C-434D-815D-4A6C315B127B}.Release|Any CPU.Build.0 = Release|Any CPU
		{C5D814EC-B26C-434D-815D-4A6C315B127B}.Release|Any CPU.Deploy.0 = Release|Any CPU
		{E687AC38-0D10-408A-ADBC-40F264CC5A02}.Debug|Any CPU.ActiveCfg = Debug|Any CPU
		{E687AC38-0D10-408A-ADBC-40F264CC5A02}.Debug|Any CPU.Build.0 = Debug|Any CPU
		{E687AC38-0D10-408A-ADBC-40F264CC5A02}.Release|Any CPU.ActiveCfg = Release|Any CPU
		{E687AC38-0D10-408A-ADBC-40F264CC5A02}.Release|Any CPU.Build.0 = Release|Any CPU
	EndGlobalSection
	GlobalSection(SolutionProperties) = preSolution
		HideSolutionNode = FALSE
	EndGlobalSection
	GlobalSection(NestedProjects) = preSolution
		{AC98058C-EA7B-4DE0-8CA7-11AB133C2B03} = {CD73AF9C-2C8C-4717-AB17-69717ADDED17}
		{47D5391E-88DE-4A4D-A9EA-ADF82CA85569} = {B1063C68-3952-4E28-8226-908C4BA00409}
		{71AC4541-BEB6-4FFC-A670-984D12AE1080} = {15AACEC0-1E85-4FA5-8839-C1A2C4ABBD31}
		{C4DC71F8-E897-413D-9309-166DB37E6B6A} = {D7075060-AB4B-42E2-AFAF-BC68701F8E6E}
		{C5D814EC-B26C-434D-815D-4A6C315B127B} = {413930A4-8A7D-4A4B-8299-45A2B1BE48B0}
		{E687AC38-0D10-408A-ADBC-40F264CC5A02} = {8628D516-6EF3-4DDD-9323-11D0D8DC9DFF}
	EndGlobalSection
	GlobalSection(ExtensibilityGlobals) = postSolution
		SolutionGuid = {81631BBF-2405-440B-8CCE-C038F7573AE7}
	EndGlobalSection
EndGlobal
